// !$*UTF8*$!
{
	archiveVersion = 1;
	classes = {
	};
	objectVersion = 46;
	objects = {

/* Begin PBXBuildFile section */
		00E356F31AD99517003FC87E /* RNWebRTCARExampleTests.m in Sources */ = {isa = PBXBuildFile; fileRef = 00E356F21AD99517003FC87E /* RNWebRTCARExampleTests.m */; };
		13B07FBC1A68108700A75B9A /* AppDelegate.m in Sources */ = {isa = PBXBuildFile; fileRef = 13B07FB01A68108700A75B9A /* AppDelegate.m */; };
		13B07FBD1A68108700A75B9A /* LaunchScreen.xib in Resources */ = {isa = PBXBuildFile; fileRef = 13B07FB11A68108700A75B9A /* LaunchScreen.xib */; };
		13B07FBF1A68108700A75B9A /* Images.xcassets in Resources */ = {isa = PBXBuildFile; fileRef = 13B07FB51A68108700A75B9A /* Images.xcassets */; };
		13B07FC11A68108700A75B9A /* main.m in Sources */ = {isa = PBXBuildFile; fileRef = 13B07FB71A68108700A75B9A /* main.m */; };
		2D02E4BC1E0B4A80006451C7 /* AppDelegate.m in Sources */ = {isa = PBXBuildFile; fileRef = 13B07FB01A68108700A75B9A /* AppDelegate.m */; };
		2D02E4BD1E0B4A84006451C7 /* Images.xcassets in Resources */ = {isa = PBXBuildFile; fileRef = 13B07FB51A68108700A75B9A /* Images.xcassets */; };
		2D02E4BF1E0B4AB3006451C7 /* main.m in Sources */ = {isa = PBXBuildFile; fileRef = 13B07FB71A68108700A75B9A /* main.m */; };
		2DCD954D1E0B4F2C00145EB5 /* RNWebRTCARExampleTests.m in Sources */ = {isa = PBXBuildFile; fileRef = 00E356F21AD99517003FC87E /* RNWebRTCARExampleTests.m */; };
		7F53579623FCD62A00634B31 /* PocketSVG.framework in Frameworks */ = {isa = PBXBuildFile; fileRef = 7F53579323FCD60F00634B31 /* PocketSVG.framework */; };
		7F53579723FCD62A00634B31 /* PocketSVG.framework in Embed Frameworks */ = {isa = PBXBuildFile; fileRef = 7F53579323FCD60F00634B31 /* PocketSVG.framework */; settings = {ATTRIBUTES = (CodeSignOnCopy, RemoveHeadersOnCopy, ); }; };
		7F6ED7E024074B8E0079A14F /* ExampleARSCNViewManager.m in Sources */ = {isa = PBXBuildFile; fileRef = 7F6ED7DF24074B8E0079A14F /* ExampleARSCNViewManager.m */; };
		7FDD52672400E7A000CC0904 /* art.scnassets in Resources */ = {isa = PBXBuildFile; fileRef = 7FDD52662400E7A000CC0904 /* art.scnassets */; };
		89B0909A2BE3D812E139EA70 /* libPods-RNWebRTCARExample-tvOS.a in Frameworks */ = {isa = PBXBuildFile; fileRef = 26B1CAA6CB7697A05C157EE8 /* libPods-RNWebRTCARExample-tvOS.a */; };
		8ADC3F819262FE7D8BA12992 /* libPods-RNWebRTCARExample-tvOSTests.a in Frameworks */ = {isa = PBXBuildFile; fileRef = 075370F613C3C04B90D431A5 /* libPods-RNWebRTCARExample-tvOSTests.a */; };
		A6C6DE6AA026D40769C33255 /* libPods-RNWebRTCARExampleTests.a in Frameworks */ = {isa = PBXBuildFile; fileRef = D82F182B322FA60408BB0568 /* libPods-RNWebRTCARExampleTests.a */; };
		FD2624DC72BB74EDC35E59AA /* libPods-RNWebRTCARExample.a in Frameworks */ = {isa = PBXBuildFile; fileRef = E67D7500562D9E410E956161 /* libPods-RNWebRTCARExample.a */; };
/* End PBXBuildFile section */

/* Begin PBXContainerItemProxy section */
		00E356F41AD99517003FC87E /* PBXContainerItemProxy */ = {
			isa = PBXContainerItemProxy;
			containerPortal = 83CBB9F71A601CBA00E9B192 /* Project object */;
			proxyType = 1;
			remoteGlobalIDString = 13B07F861A680F5B00A75B9A;
			remoteInfo = RNWebRTCARExample;
		};
		2D02E4911E0B4A5D006451C7 /* PBXContainerItemProxy */ = {
			isa = PBXContainerItemProxy;
			containerPortal = 83CBB9F71A601CBA00E9B192 /* Project object */;
			proxyType = 1;
			remoteGlobalIDString = 2D02E47A1E0B4A5D006451C7;
			remoteInfo = "RNWebRTCARExample-tvOS";
		};
		7F53578B23FCD60F00634B31 /* PBXContainerItemProxy */ = {
			isa = PBXContainerItemProxy;
			containerPortal = 7F53577C23FCD60F00634B31 /* Demo-iOS.xcodeproj */;
			proxyType = 2;
			remoteGlobalIDString = B09D90961D6C5E2E00360396;
			remoteInfo = "Demo-iOS";
		};
		7F53578E23FCD60F00634B31 /* PBXContainerItemProxy */ = {
			isa = PBXContainerItemProxy;
			containerPortal = 7F53578023FCD60F00634B31 /* Demo-macOS.xcodeproj */;
			proxyType = 2;
			remoteGlobalIDString = B0EEE2261D6CA72100BCAF68;
			remoteInfo = "Demo-macOS";
		};
		7F53579223FCD60F00634B31 /* PBXContainerItemProxy */ = {
			isa = PBXContainerItemProxy;
			containerPortal = 7F53575D23FCD60F00634B31 /* PocketSVG.xcodeproj */;
			proxyType = 2;
			remoteGlobalIDString = C79800BB1A21CB5300380860;
			remoteInfo = "PocketSVG (iOS)";
		};
		7F53579423FCD60F00634B31 /* PBXContainerItemProxy */ = {
			isa = PBXContainerItemProxy;
			containerPortal = 7F53575D23FCD60F00634B31 /* PocketSVG.xcodeproj */;
			proxyType = 2;
			remoteGlobalIDString = C79800F51A21CDFD00380860;
			remoteInfo = "PocketSVG (Mac)";
		};
/* End PBXContainerItemProxy section */

/* Begin PBXCopyFilesBuildPhase section */
		7F53579823FCD62A00634B31 /* Embed Frameworks */ = {
			isa = PBXCopyFilesBuildPhase;
			buildActionMask = 2147483647;
			dstPath = "";
			dstSubfolderSpec = 10;
			files = (
				7F53579723FCD62A00634B31 /* PocketSVG.framework in Embed Frameworks */,
			);
			name = "Embed Frameworks";
			runOnlyForDeploymentPostprocessing = 0;
		};
/* End PBXCopyFilesBuildPhase section */

/* Begin PBXFileReference section */
		008F07F21AC5B25A0029DE68 /* main.jsbundle */ = {isa = PBXFileReference; fileEncoding = 4; lastKnownFileType = text; path = main.jsbundle; sourceTree = "<group>"; };
		00E356EE1AD99517003FC87E /* RNWebRTCARExampleTests.xctest */ = {isa = PBXFileReference; explicitFileType = wrapper.cfbundle; includeInIndex = 0; path = RNWebRTCARExampleTests.xctest; sourceTree = BUILT_PRODUCTS_DIR; };
		00E356F11AD99517003FC87E /* Info.plist */ = {isa = PBXFileReference; lastKnownFileType = text.plist.xml; path = Info.plist; sourceTree = "<group>"; };
		00E356F21AD99517003FC87E /* RNWebRTCARExampleTests.m */ = {isa = PBXFileReference; lastKnownFileType = sourcecode.c.objc; path = RNWebRTCARExampleTests.m; sourceTree = "<group>"; };
		075370F613C3C04B90D431A5 /* libPods-RNWebRTCARExample-tvOSTests.a */ = {isa = PBXFileReference; explicitFileType = archive.ar; includeInIndex = 0; path = "libPods-RNWebRTCARExample-tvOSTests.a"; sourceTree = BUILT_PRODUCTS_DIR; };
		0DB2DCC3EBF3521BDD4BDB82 /* Pods-RNWebRTCARExampleTests.debug.xcconfig */ = {isa = PBXFileReference; includeInIndex = 1; lastKnownFileType = text.xcconfig; name = "Pods-RNWebRTCARExampleTests.debug.xcconfig"; path = "Target Support Files/Pods-RNWebRTCARExampleTests/Pods-RNWebRTCARExampleTests.debug.xcconfig"; sourceTree = "<group>"; };
		13B07F961A680F5B00A75B9A /* RNWebRTCARExample.app */ = {isa = PBXFileReference; explicitFileType = wrapper.application; includeInIndex = 0; path = RNWebRTCARExample.app; sourceTree = BUILT_PRODUCTS_DIR; };
		13B07FAF1A68108700A75B9A /* AppDelegate.h */ = {isa = PBXFileReference; fileEncoding = 4; lastKnownFileType = sourcecode.c.h; name = AppDelegate.h; path = RNWebRTCARExample/AppDelegate.h; sourceTree = "<group>"; };
		13B07FB01A68108700A75B9A /* AppDelegate.m */ = {isa = PBXFileReference; fileEncoding = 4; lastKnownFileType = sourcecode.c.objc; name = AppDelegate.m; path = RNWebRTCARExample/AppDelegate.m; sourceTree = "<group>"; };
		13B07FB21A68108700A75B9A /* Base */ = {isa = PBXFileReference; lastKnownFileType = file.xib; name = Base; path = Base.lproj/LaunchScreen.xib; sourceTree = "<group>"; };
		13B07FB51A68108700A75B9A /* Images.xcassets */ = {isa = PBXFileReference; lastKnownFileType = folder.assetcatalog; name = Images.xcassets; path = RNWebRTCARExample/Images.xcassets; sourceTree = "<group>"; };
		13B07FB61A68108700A75B9A /* Info.plist */ = {isa = PBXFileReference; fileEncoding = 4; lastKnownFileType = text.plist.xml; name = Info.plist; path = RNWebRTCARExample/Info.plist; sourceTree = "<group>"; };
		13B07FB71A68108700A75B9A /* main.m */ = {isa = PBXFileReference; fileEncoding = 4; lastKnownFileType = sourcecode.c.objc; name = main.m; path = RNWebRTCARExample/main.m; sourceTree = "<group>"; };
		234E0A46F764E4F1B9BE187A /* Pods-RNWebRTCARExampleTests.release.xcconfig */ = {isa = PBXFileReference; includeInIndex = 1; lastKnownFileType = text.xcconfig; name = "Pods-RNWebRTCARExampleTests.release.xcconfig"; path = "Target Support Files/Pods-RNWebRTCARExampleTests/Pods-RNWebRTCARExampleTests.release.xcconfig"; sourceTree = "<group>"; };
		26B1CAA6CB7697A05C157EE8 /* libPods-RNWebRTCARExample-tvOS.a */ = {isa = PBXFileReference; explicitFileType = archive.ar; includeInIndex = 0; path = "libPods-RNWebRTCARExample-tvOS.a"; sourceTree = BUILT_PRODUCTS_DIR; };
		2D02E47B1E0B4A5D006451C7 /* RNWebRTCARExample-tvOS.app */ = {isa = PBXFileReference; explicitFileType = wrapper.application; includeInIndex = 0; path = "RNWebRTCARExample-tvOS.app"; sourceTree = BUILT_PRODUCTS_DIR; };
		2D02E4901E0B4A5D006451C7 /* RNWebRTCARExample-tvOSTests.xctest */ = {isa = PBXFileReference; explicitFileType = wrapper.cfbundle; includeInIndex = 0; path = "RNWebRTCARExample-tvOSTests.xctest"; sourceTree = BUILT_PRODUCTS_DIR; };
		3A84DD9E9374A9DBF5DBB444 /* Pods-RNWebRTCARExample-tvOSTests.debug.xcconfig */ = {isa = PBXFileReference; includeInIndex = 1; lastKnownFileType = text.xcconfig; name = "Pods-RNWebRTCARExample-tvOSTests.debug.xcconfig"; path = "Target Support Files/Pods-RNWebRTCARExample-tvOSTests/Pods-RNWebRTCARExample-tvOSTests.debug.xcconfig"; sourceTree = "<group>"; };
		3F904BD448919379036D73B2 /* Pods-RNWebRTCARExample-tvOS.debug.xcconfig */ = {isa = PBXFileReference; includeInIndex = 1; lastKnownFileType = text.xcconfig; name = "Pods-RNWebRTCARExample-tvOS.debug.xcconfig"; path = "Target Support Files/Pods-RNWebRTCARExample-tvOS/Pods-RNWebRTCARExample-tvOS.debug.xcconfig"; sourceTree = "<group>"; };
		7F53575823FCD60F00634B31 /* PocketSVG.h */ = {isa = PBXFileReference; lastKnownFileType = sourcecode.c.h; path = PocketSVG.h; sourceTree = "<group>"; };
		7F53575923FCD60F00634B31 /* SVGLayer.m */ = {isa = PBXFileReference; lastKnownFileType = sourcecode.c.objc; path = SVGLayer.m; sourceTree = "<group>"; };
		7F53575A23FCD60F00634B31 /* Framework-Info-iOS.plist */ = {isa = PBXFileReference; lastKnownFileType = text.plist.xml; path = "Framework-Info-iOS.plist"; sourceTree = "<group>"; };
		7F53575B23FCD60F00634B31 /* SVGImageView.m */ = {isa = PBXFileReference; lastKnownFileType = sourcecode.c.objc; path = SVGImageView.m; sourceTree = "<group>"; };
		7F53575C23FCD60F00634B31 /* LICENSE */ = {isa = PBXFileReference; lastKnownFileType = text; path = LICENSE; sourceTree = "<group>"; };
		7F53575D23FCD60F00634B31 /* PocketSVG.xcodeproj */ = {isa = PBXFileReference; lastKnownFileType = "wrapper.pb-project"; path = PocketSVG.xcodeproj; sourceTree = "<group>"; };
		7F53576023FCD60F00634B31 /* SVGPortability.h */ = {isa = PBXFileReference; lastKnownFileType = sourcecode.c.h; path = SVGPortability.h; sourceTree = "<group>"; };
		7F53576123FCD60F00634B31 /* SVGBezierPath.mm */ = {isa = PBXFileReference; lastKnownFileType = sourcecode.cpp.objcpp; path = SVGBezierPath.mm; sourceTree = "<group>"; };
		7F53576223FCD60F00634B31 /* Framework-Info-Mac.plist */ = {isa = PBXFileReference; lastKnownFileType = text.plist.xml; path = "Framework-Info-Mac.plist"; sourceTree = "<group>"; };
		7F53576323FCD60F00634B31 /* SVGEngine.mm */ = {isa = PBXFileReference; lastKnownFileType = sourcecode.cpp.objcpp; path = SVGEngine.mm; sourceTree = "<group>"; };
		7F53576423FCD60F00634B31 /* CONTRIBUTORS */ = {isa = PBXFileReference; lastKnownFileType = text; path = CONTRIBUTORS; sourceTree = "<group>"; };
		7F53576523FCD60F00634B31 /* README.md */ = {isa = PBXFileReference; lastKnownFileType = net.daringfireball.markdown; path = README.md; sourceTree = "<group>"; };
		7F53576623FCD60F00634B31 /* SVGLayer.h */ = {isa = PBXFileReference; lastKnownFileType = sourcecode.c.h; path = SVGLayer.h; sourceTree = "<group>"; };
		7F53576723FCD60F00634B31 /* issue_template.md */ = {isa = PBXFileReference; lastKnownFileType = net.daringfireball.markdown; path = issue_template.md; sourceTree = "<group>"; };
		7F53576823FCD60F00634B31 /* SVGBezierPath.h */ = {isa = PBXFileReference; lastKnownFileType = sourcecode.c.h; path = SVGBezierPath.h; sourceTree = "<group>"; };
		7F53576923FCD60F00634B31 /* SVGImageView.h */ = {isa = PBXFileReference; lastKnownFileType = sourcecode.c.h; path = SVGImageView.h; sourceTree = "<group>"; };
		7F53576A23FCD60F00634B31 /* SVGEngine.h */ = {isa = PBXFileReference; lastKnownFileType = sourcecode.c.h; path = SVGEngine.h; sourceTree = "<group>"; };
		7F53576B23FCD60F00634B31 /* .travis.yml */ = {isa = PBXFileReference; lastKnownFileType = text.yaml; path = .travis.yml; sourceTree = "<group>"; };
		7F53576D23FCD60F00634B31 /* Demos.xcworkspace */ = {isa = PBXFileReference; lastKnownFileType = wrapper.workspace; path = Demos.xcworkspace; sourceTree = "<group>"; };
		7F53576F23FCD60F00634B31 /* Circle.svg */ = {isa = PBXFileReference; lastKnownFileType = text.xml; path = Circle.svg; sourceTree = "<group>"; };
		7F53577023FCD60F00634B31 /* tiger.svg */ = {isa = PBXFileReference; lastKnownFileType = text.xml; path = tiger.svg; sourceTree = "<group>"; };
		7F53577123FCD60F00634B31 /* iceland.svg */ = {isa = PBXFileReference; lastKnownFileType = text.xml; path = iceland.svg; sourceTree = "<group>"; };
		7F53577223FCD60F00634B31 /* BezierCurve.svg */ = {isa = PBXFileReference; lastKnownFileType = text.xml; path = BezierCurve.svg; sourceTree = "<group>"; };
		7F53577523FCD60F00634B31 /* Assets.xcassets */ = {isa = PBXFileReference; lastKnownFileType = folder.assetcatalog; path = Assets.xcassets; sourceTree = "<group>"; };
		7F53577623FCD60F00634B31 /* IosDemo.swift */ = {isa = PBXFileReference; lastKnownFileType = sourcecode.swift; path = IosDemo.swift; sourceTree = "<group>"; };
		7F53577823FCD60F00634B31 /* Base */ = {isa = PBXFileReference; lastKnownFileType = file.storyboard; name = Base; path = Base.lproj/Main.storyboard; sourceTree = "<group>"; };
		7F53577A23FCD60F00634B31 /* Base */ = {isa = PBXFileReference; lastKnownFileType = file.storyboard; name = Base; path = "Base.lproj/Launch Screen.storyboard"; sourceTree = "<group>"; };
		7F53577B23FCD60F00634B31 /* Info.plist */ = {isa = PBXFileReference; lastKnownFileType = text.plist.xml; path = Info.plist; sourceTree = "<group>"; };
		7F53577C23FCD60F00634B31 /* Demo-iOS.xcodeproj */ = {isa = PBXFileReference; lastKnownFileType = "wrapper.pb-project"; path = "Demo-iOS.xcodeproj"; sourceTree = "<group>"; };
		7F53578023FCD60F00634B31 /* Demo-macOS.xcodeproj */ = {isa = PBXFileReference; lastKnownFileType = "wrapper.pb-project"; path = "Demo-macOS.xcodeproj"; sourceTree = "<group>"; };
		7F53578423FCD60F00634B31 /* Assets.xcassets */ = {isa = PBXFileReference; lastKnownFileType = folder.assetcatalog; path = Assets.xcassets; sourceTree = "<group>"; };
		7F53578623FCD60F00634B31 /* Base */ = {isa = PBXFileReference; lastKnownFileType = file.storyboard; name = Base; path = Base.lproj/Main.storyboard; sourceTree = "<group>"; };
		7F53578723FCD60F00634B31 /* Info.plist */ = {isa = PBXFileReference; lastKnownFileType = text.plist.xml; path = Info.plist; sourceTree = "<group>"; };
		7F53578823FCD60F00634B31 /* MacDemo.swift */ = {isa = PBXFileReference; lastKnownFileType = sourcecode.swift; path = MacDemo.swift; sourceTree = "<group>"; };
		7F53578923FCD60F00634B31 /* PocketSVG.podspec */ = {isa = PBXFileReference; lastKnownFileType = text; path = PocketSVG.podspec; sourceTree = "<group>"; };
		7F6ED7DE24074B7B0079A14F /* ExampleARSCNViewManager.h */ = {isa = PBXFileReference; lastKnownFileType = sourcecode.c.h; path = ExampleARSCNViewManager.h; sourceTree = "<group>"; };
		7F6ED7DF24074B8E0079A14F /* ExampleARSCNViewManager.m */ = {isa = PBXFileReference; lastKnownFileType = sourcecode.c.objc; path = ExampleARSCNViewManager.m; sourceTree = "<group>"; };
		7FDD52662400E7A000CC0904 /* art.scnassets */ = {isa = PBXFileReference; lastKnownFileType = wrapper.scnassets; name = art.scnassets; path = RNWebRTCARExample/art.scnassets; sourceTree = "<group>"; };
		A9ACBCDE1E25148D207915D7 /* Pods-RNWebRTCARExample.debug.xcconfig */ = {isa = PBXFileReference; includeInIndex = 1; lastKnownFileType = text.xcconfig; name = "Pods-RNWebRTCARExample.debug.xcconfig"; path = "Target Support Files/Pods-RNWebRTCARExample/Pods-RNWebRTCARExample.debug.xcconfig"; sourceTree = "<group>"; };
		D4924D71DCDD958C08AF9A7C /* Pods-RNWebRTCARExample-tvOS.release.xcconfig */ = {isa = PBXFileReference; includeInIndex = 1; lastKnownFileType = text.xcconfig; name = "Pods-RNWebRTCARExample-tvOS.release.xcconfig"; path = "Target Support Files/Pods-RNWebRTCARExample-tvOS/Pods-RNWebRTCARExample-tvOS.release.xcconfig"; sourceTree = "<group>"; };
		D82F182B322FA60408BB0568 /* libPods-RNWebRTCARExampleTests.a */ = {isa = PBXFileReference; explicitFileType = archive.ar; includeInIndex = 0; path = "libPods-RNWebRTCARExampleTests.a"; sourceTree = BUILT_PRODUCTS_DIR; };
		E67D7500562D9E410E956161 /* libPods-RNWebRTCARExample.a */ = {isa = PBXFileReference; explicitFileType = archive.ar; includeInIndex = 0; path = "libPods-RNWebRTCARExample.a"; sourceTree = BUILT_PRODUCTS_DIR; };
		EC2256051ECC30CFCE078B8E /* Pods-RNWebRTCARExample-tvOSTests.release.xcconfig */ = {isa = PBXFileReference; includeInIndex = 1; lastKnownFileType = text.xcconfig; name = "Pods-RNWebRTCARExample-tvOSTests.release.xcconfig"; path = "Target Support Files/Pods-RNWebRTCARExample-tvOSTests/Pods-RNWebRTCARExample-tvOSTests.release.xcconfig"; sourceTree = "<group>"; };
		ED297162215061F000B7C4FE /* JavaScriptCore.framework */ = {isa = PBXFileReference; lastKnownFileType = wrapper.framework; name = JavaScriptCore.framework; path = System/Library/Frameworks/JavaScriptCore.framework; sourceTree = SDKROOT; };
		ED2971642150620600B7C4FE /* JavaScriptCore.framework */ = {isa = PBXFileReference; lastKnownFileType = wrapper.framework; name = JavaScriptCore.framework; path = Platforms/AppleTVOS.platform/Developer/SDKs/AppleTVOS12.0.sdk/System/Library/Frameworks/JavaScriptCore.framework; sourceTree = DEVELOPER_DIR; };
		FABC87FB4840F00351C297E8 /* Pods-RNWebRTCARExample.release.xcconfig */ = {isa = PBXFileReference; includeInIndex = 1; lastKnownFileType = text.xcconfig; name = "Pods-RNWebRTCARExample.release.xcconfig"; path = "Target Support Files/Pods-RNWebRTCARExample/Pods-RNWebRTCARExample.release.xcconfig"; sourceTree = "<group>"; };
/* End PBXFileReference section */

/* Begin PBXFrameworksBuildPhase section */
		00E356EB1AD99517003FC87E /* Frameworks */ = {
			isa = PBXFrameworksBuildPhase;
			buildActionMask = 2147483647;
			files = (
				A6C6DE6AA026D40769C33255 /* libPods-RNWebRTCARExampleTests.a in Frameworks */,
			);
			runOnlyForDeploymentPostprocessing = 0;
		};
		13B07F8C1A680F5B00A75B9A /* Frameworks */ = {
			isa = PBXFrameworksBuildPhase;
			buildActionMask = 2147483647;
			files = (
				FD2624DC72BB74EDC35E59AA /* libPods-RNWebRTCARExample.a in Frameworks */,
				7F53579623FCD62A00634B31 /* PocketSVG.framework in Frameworks */,
			);
			runOnlyForDeploymentPostprocessing = 0;
		};
		2D02E4781E0B4A5D006451C7 /* Frameworks */ = {
			isa = PBXFrameworksBuildPhase;
			buildActionMask = 2147483647;
			files = (
				89B0909A2BE3D812E139EA70 /* libPods-RNWebRTCARExample-tvOS.a in Frameworks */,
			);
			runOnlyForDeploymentPostprocessing = 0;
		};
		2D02E48D1E0B4A5D006451C7 /* Frameworks */ = {
			isa = PBXFrameworksBuildPhase;
			buildActionMask = 2147483647;
			files = (
				8ADC3F819262FE7D8BA12992 /* libPods-RNWebRTCARExample-tvOSTests.a in Frameworks */,
			);
			runOnlyForDeploymentPostprocessing = 0;
		};
/* End PBXFrameworksBuildPhase section */

/* Begin PBXGroup section */
		00E356EF1AD99517003FC87E /* RNWebRTCARExampleTests */ = {
			isa = PBXGroup;
			children = (
				00E356F21AD99517003FC87E /* RNWebRTCARExampleTests.m */,
				00E356F01AD99517003FC87E /* Supporting Files */,
			);
			path = RNWebRTCARExampleTests;
			sourceTree = "<group>";
		};
		00E356F01AD99517003FC87E /* Supporting Files */ = {
			isa = PBXGroup;
			children = (
				00E356F11AD99517003FC87E /* Info.plist */,
			);
			name = "Supporting Files";
			sourceTree = "<group>";
		};
		13B07FAE1A68108700A75B9A /* RNWebRTCARExample */ = {
			isa = PBXGroup;
			children = (
				008F07F21AC5B25A0029DE68 /* main.jsbundle */,
				13B07FAF1A68108700A75B9A /* AppDelegate.h */,
				13B07FB01A68108700A75B9A /* AppDelegate.m */,
				13B07FB51A68108700A75B9A /* Images.xcassets */,
				7FDD52662400E7A000CC0904 /* art.scnassets */,
				13B07FB61A68108700A75B9A /* Info.plist */,
				13B07FB11A68108700A75B9A /* LaunchScreen.xib */,
				13B07FB71A68108700A75B9A /* main.m */,
				7F6ED7DE24074B7B0079A14F /* ExampleARSCNViewManager.h */,
				7F6ED7DF24074B8E0079A14F /* ExampleARSCNViewManager.m */,
			);
			name = RNWebRTCARExample;
			sourceTree = "<group>";
		};
		2D16E6871FA4F8E400B85C8A /* Frameworks */ = {
			isa = PBXGroup;
			children = (
				7F53575723FCD60F00634B31 /* PocketSVG */,
				ED297162215061F000B7C4FE /* JavaScriptCore.framework */,
				ED2971642150620600B7C4FE /* JavaScriptCore.framework */,
				E67D7500562D9E410E956161 /* libPods-RNWebRTCARExample.a */,
				26B1CAA6CB7697A05C157EE8 /* libPods-RNWebRTCARExample-tvOS.a */,
				075370F613C3C04B90D431A5 /* libPods-RNWebRTCARExample-tvOSTests.a */,
				D82F182B322FA60408BB0568 /* libPods-RNWebRTCARExampleTests.a */,
			);
			name = Frameworks;
			sourceTree = "<group>";
		};
		5497A130EB320A5FAA58285C /* Pods */ = {
			isa = PBXGroup;
			children = (
				A9ACBCDE1E25148D207915D7 /* Pods-RNWebRTCARExample.debug.xcconfig */,
				FABC87FB4840F00351C297E8 /* Pods-RNWebRTCARExample.release.xcconfig */,
				3F904BD448919379036D73B2 /* Pods-RNWebRTCARExample-tvOS.debug.xcconfig */,
				D4924D71DCDD958C08AF9A7C /* Pods-RNWebRTCARExample-tvOS.release.xcconfig */,
				3A84DD9E9374A9DBF5DBB444 /* Pods-RNWebRTCARExample-tvOSTests.debug.xcconfig */,
				EC2256051ECC30CFCE078B8E /* Pods-RNWebRTCARExample-tvOSTests.release.xcconfig */,
				0DB2DCC3EBF3521BDD4BDB82 /* Pods-RNWebRTCARExampleTests.debug.xcconfig */,
				234E0A46F764E4F1B9BE187A /* Pods-RNWebRTCARExampleTests.release.xcconfig */,
			);
			path = Pods;
			sourceTree = "<group>";
		};
		7F53575723FCD60F00634B31 /* PocketSVG */ = {
			isa = PBXGroup;
			children = (
				7F53575823FCD60F00634B31 /* PocketSVG.h */,
				7F53575923FCD60F00634B31 /* SVGLayer.m */,
				7F53575A23FCD60F00634B31 /* Framework-Info-iOS.plist */,
				7F53575B23FCD60F00634B31 /* SVGImageView.m */,
				7F53575C23FCD60F00634B31 /* LICENSE */,
				7F53575D23FCD60F00634B31 /* PocketSVG.xcodeproj */,
				7F53576023FCD60F00634B31 /* SVGPortability.h */,
				7F53576123FCD60F00634B31 /* SVGBezierPath.mm */,
				7F53576223FCD60F00634B31 /* Framework-Info-Mac.plist */,
				7F53576323FCD60F00634B31 /* SVGEngine.mm */,
				7F53576423FCD60F00634B31 /* CONTRIBUTORS */,
				7F53576523FCD60F00634B31 /* README.md */,
				7F53576623FCD60F00634B31 /* SVGLayer.h */,
				7F53576723FCD60F00634B31 /* issue_template.md */,
				7F53576823FCD60F00634B31 /* SVGBezierPath.h */,
				7F53576923FCD60F00634B31 /* SVGImageView.h */,
				7F53576A23FCD60F00634B31 /* SVGEngine.h */,
				7F53576B23FCD60F00634B31 /* .travis.yml */,
				7F53576C23FCD60F00634B31 /* Demos */,
				7F53578923FCD60F00634B31 /* PocketSVG.podspec */,
			);
			name = PocketSVG;
			path = "../../../node_modules/react-native-arkit/ios/PocketSVG";
			sourceTree = "<group>";
		};
		7F53575E23FCD60F00634B31 /* Products */ = {
			isa = PBXGroup;
			children = (
				7F53579323FCD60F00634B31 /* PocketSVG.framework */,
				7F53579523FCD60F00634B31 /* PocketSVG.framework */,
			);
			name = Products;
			sourceTree = "<group>";
		};
		7F53576C23FCD60F00634B31 /* Demos */ = {
			isa = PBXGroup;
			children = (
				7F53576D23FCD60F00634B31 /* Demos.xcworkspace */,
				7F53576E23FCD60F00634B31 /* Sample SVG Files */,
				7F53577323FCD60F00634B31 /* Demo-iOS */,
				7F53577F23FCD60F00634B31 /* Demo-macOS */,
			);
			path = Demos;
			sourceTree = "<group>";
		};
		7F53576E23FCD60F00634B31 /* Sample SVG Files */ = {
			isa = PBXGroup;
			children = (
				7F53576F23FCD60F00634B31 /* Circle.svg */,
				7F53577023FCD60F00634B31 /* tiger.svg */,
				7F53577123FCD60F00634B31 /* iceland.svg */,
				7F53577223FCD60F00634B31 /* BezierCurve.svg */,
			);
			path = "Sample SVG Files";
			sourceTree = "<group>";
		};
		7F53577323FCD60F00634B31 /* Demo-iOS */ = {
			isa = PBXGroup;
			children = (
				7F53577423FCD60F00634B31 /* Demo-iOS */,
				7F53577C23FCD60F00634B31 /* Demo-iOS.xcodeproj */,
			);
			path = "Demo-iOS";
			sourceTree = "<group>";
		};
		7F53577423FCD60F00634B31 /* Demo-iOS */ = {
			isa = PBXGroup;
			children = (
				7F53577523FCD60F00634B31 /* Assets.xcassets */,
				7F53577623FCD60F00634B31 /* IosDemo.swift */,
				7F53577723FCD60F00634B31 /* Main.storyboard */,
				7F53577923FCD60F00634B31 /* Launch Screen.storyboard */,
				7F53577B23FCD60F00634B31 /* Info.plist */,
			);
			path = "Demo-iOS";
			sourceTree = "<group>";
		};
		7F53577D23FCD60F00634B31 /* Products */ = {
			isa = PBXGroup;
			children = (
				7F53578C23FCD60F00634B31 /* Demo-iOS.app */,
			);
			name = Products;
			sourceTree = "<group>";
		};
		7F53577F23FCD60F00634B31 /* Demo-macOS */ = {
			isa = PBXGroup;
			children = (
				7F53578023FCD60F00634B31 /* Demo-macOS.xcodeproj */,
				7F53578323FCD60F00634B31 /* Demo-macOS */,
			);
			path = "Demo-macOS";
			sourceTree = "<group>";
		};
		7F53578123FCD60F00634B31 /* Products */ = {
			isa = PBXGroup;
			children = (
				7F53578F23FCD60F00634B31 /* Demo-macOS.app */,
			);
			name = Products;
			sourceTree = "<group>";
		};
		7F53578323FCD60F00634B31 /* Demo-macOS */ = {
			isa = PBXGroup;
			children = (
				7F53578423FCD60F00634B31 /* Assets.xcassets */,
				7F53578523FCD60F00634B31 /* Main.storyboard */,
				7F53578723FCD60F00634B31 /* Info.plist */,
				7F53578823FCD60F00634B31 /* MacDemo.swift */,
			);
			path = "Demo-macOS";
			sourceTree = "<group>";
		};
		832341AE1AAA6A7D00B99B32 /* Libraries */ = {
			isa = PBXGroup;
			children = (
			);
			name = Libraries;
			sourceTree = "<group>";
		};
		83CBB9F61A601CBA00E9B192 = {
			isa = PBXGroup;
			children = (
				13B07FAE1A68108700A75B9A /* RNWebRTCARExample */,
				832341AE1AAA6A7D00B99B32 /* Libraries */,
				00E356EF1AD99517003FC87E /* RNWebRTCARExampleTests */,
				83CBBA001A601CBA00E9B192 /* Products */,
				2D16E6871FA4F8E400B85C8A /* Frameworks */,
				5497A130EB320A5FAA58285C /* Pods */,
			);
			indentWidth = 2;
			sourceTree = "<group>";
			tabWidth = 2;
			usesTabs = 0;
		};
		83CBBA001A601CBA00E9B192 /* Products */ = {
			isa = PBXGroup;
			children = (
				13B07F961A680F5B00A75B9A /* RNWebRTCARExample.app */,
				00E356EE1AD99517003FC87E /* RNWebRTCARExampleTests.xctest */,
				2D02E47B1E0B4A5D006451C7 /* RNWebRTCARExample-tvOS.app */,
				2D02E4901E0B4A5D006451C7 /* RNWebRTCARExample-tvOSTests.xctest */,
			);
			name = Products;
			sourceTree = "<group>";
		};
/* End PBXGroup section */

/* Begin PBXNativeTarget section */
		00E356ED1AD99517003FC87E /* RNWebRTCARExampleTests */ = {
			isa = PBXNativeTarget;
			buildConfigurationList = 00E357021AD99517003FC87E /* Build configuration list for PBXNativeTarget "RNWebRTCARExampleTests" */;
			buildPhases = (
				4DF750777A65CB288BAF61DA /* [CP] Check Pods Manifest.lock */,
				00E356EA1AD99517003FC87E /* Sources */,
				00E356EB1AD99517003FC87E /* Frameworks */,
				00E356EC1AD99517003FC87E /* Resources */,
			);
			buildRules = (
			);
			dependencies = (
				00E356F51AD99517003FC87E /* PBXTargetDependency */,
			);
			name = RNWebRTCARExampleTests;
			productName = RNWebRTCARExampleTests;
			productReference = 00E356EE1AD99517003FC87E /* RNWebRTCARExampleTests.xctest */;
			productType = "com.apple.product-type.bundle.unit-test";
		};
		13B07F861A680F5B00A75B9A /* RNWebRTCARExample */ = {
			isa = PBXNativeTarget;
			buildConfigurationList = 13B07F931A680F5B00A75B9A /* Build configuration list for PBXNativeTarget "RNWebRTCARExample" */;
			buildPhases = (
				7896705A0C0D828B429E36AE /* [CP] Check Pods Manifest.lock */,
				FD10A7F022414F080027D42C /* Start Packager */,
				13B07F871A680F5B00A75B9A /* Sources */,
				13B07F8C1A680F5B00A75B9A /* Frameworks */,
				13B07F8E1A680F5B00A75B9A /* Resources */,
				00DD1BFF1BD5951E006B06BC /* Bundle React Native code and images */,
				F43E607112181875CC6C250F /* [CP] Embed Pods Frameworks */,
				7F53579823FCD62A00634B31 /* Embed Frameworks */,
			);
			buildRules = (
			);
			dependencies = (
			);
			name = RNWebRTCARExample;
			productName = RNWebRTCARExample;
			productReference = 13B07F961A680F5B00A75B9A /* RNWebRTCARExample.app */;
			productType = "com.apple.product-type.application";
		};
		2D02E47A1E0B4A5D006451C7 /* RNWebRTCARExample-tvOS */ = {
			isa = PBXNativeTarget;
			buildConfigurationList = 2D02E4BA1E0B4A5E006451C7 /* Build configuration list for PBXNativeTarget "RNWebRTCARExample-tvOS" */;
			buildPhases = (
				A0537F873A07B0EEDFA4A59D /* [CP] Check Pods Manifest.lock */,
				FD10A7F122414F3F0027D42C /* Start Packager */,
				2D02E4771E0B4A5D006451C7 /* Sources */,
				2D02E4781E0B4A5D006451C7 /* Frameworks */,
				2D02E4791E0B4A5D006451C7 /* Resources */,
				2D02E4CB1E0B4B27006451C7 /* Bundle React Native Code And Images */,
			);
			buildRules = (
			);
			dependencies = (
			);
			name = "RNWebRTCARExample-tvOS";
			productName = "RNWebRTCARExample-tvOS";
			productReference = 2D02E47B1E0B4A5D006451C7 /* RNWebRTCARExample-tvOS.app */;
			productType = "com.apple.product-type.application";
		};
		2D02E48F1E0B4A5D006451C7 /* RNWebRTCARExample-tvOSTests */ = {
			isa = PBXNativeTarget;
			buildConfigurationList = 2D02E4BB1E0B4A5E006451C7 /* Build configuration list for PBXNativeTarget "RNWebRTCARExample-tvOSTests" */;
			buildPhases = (
				0A0E9AC584BDC3055BA07989 /* [CP] Check Pods Manifest.lock */,
				2D02E48C1E0B4A5D006451C7 /* Sources */,
				2D02E48D1E0B4A5D006451C7 /* Frameworks */,
				2D02E48E1E0B4A5D006451C7 /* Resources */,
			);
			buildRules = (
			);
			dependencies = (
				2D02E4921E0B4A5D006451C7 /* PBXTargetDependency */,
			);
			name = "RNWebRTCARExample-tvOSTests";
			productName = "RNWebRTCARExample-tvOSTests";
			productReference = 2D02E4901E0B4A5D006451C7 /* RNWebRTCARExample-tvOSTests.xctest */;
			productType = "com.apple.product-type.bundle.unit-test";
		};
/* End PBXNativeTarget section */

/* Begin PBXProject section */
		83CBB9F71A601CBA00E9B192 /* Project object */ = {
			isa = PBXProject;
			attributes = {
				LastUpgradeCheck = 0940;
				ORGANIZATIONNAME = Facebook;
				TargetAttributes = {
					00E356ED1AD99517003FC87E = {
						CreatedOnToolsVersion = 6.2;
						DevelopmentTeam = C6EUM5DVB3;
						TestTargetID = 13B07F861A680F5B00A75B9A;
					};
					13B07F861A680F5B00A75B9A = {
						DevelopmentTeam = C6EUM5DVB3;
					};
					2D02E47A1E0B4A5D006451C7 = {
						CreatedOnToolsVersion = 8.2.1;
						DevelopmentTeam = C6EUM5DVB3;
						ProvisioningStyle = Automatic;
					};
					2D02E48F1E0B4A5D006451C7 = {
						CreatedOnToolsVersion = 8.2.1;
						DevelopmentTeam = C6EUM5DVB3;
						ProvisioningStyle = Automatic;
						TestTargetID = 2D02E47A1E0B4A5D006451C7;
					};
				};
			};
			buildConfigurationList = 83CBB9FA1A601CBA00E9B192 /* Build configuration list for PBXProject "RNWebRTCARExample" */;
			compatibilityVersion = "Xcode 3.2";
			developmentRegion = English;
			hasScannedForEncodings = 0;
			knownRegions = (
				English,
				en,
				Base,
			);
			mainGroup = 83CBB9F61A601CBA00E9B192;
			productRefGroup = 83CBBA001A601CBA00E9B192 /* Products */;
			projectDirPath = "";
			projectReferences = (
				{
					ProductGroup = 7F53577D23FCD60F00634B31 /* Products */;
					ProjectRef = 7F53577C23FCD60F00634B31 /* Demo-iOS.xcodeproj */;
				},
				{
					ProductGroup = 7F53578123FCD60F00634B31 /* Products */;
					ProjectRef = 7F53578023FCD60F00634B31 /* Demo-macOS.xcodeproj */;
				},
				{
					ProductGroup = 7F53575E23FCD60F00634B31 /* Products */;
					ProjectRef = 7F53575D23FCD60F00634B31 /* PocketSVG.xcodeproj */;
				},
			);
			projectRoot = "";
			targets = (
				13B07F861A680F5B00A75B9A /* RNWebRTCARExample */,
				00E356ED1AD99517003FC87E /* RNWebRTCARExampleTests */,
				2D02E47A1E0B4A5D006451C7 /* RNWebRTCARExample-tvOS */,
				2D02E48F1E0B4A5D006451C7 /* RNWebRTCARExample-tvOSTests */,
			);
		};
/* End PBXProject section */

/* Begin PBXReferenceProxy section */
		7F53578C23FCD60F00634B31 /* Demo-iOS.app */ = {
			isa = PBXReferenceProxy;
			fileType = wrapper.application;
			path = "Demo-iOS.app";
			remoteRef = 7F53578B23FCD60F00634B31 /* PBXContainerItemProxy */;
			sourceTree = BUILT_PRODUCTS_DIR;
		};
		7F53578F23FCD60F00634B31 /* Demo-macOS.app */ = {
			isa = PBXReferenceProxy;
			fileType = wrapper.application;
			path = "Demo-macOS.app";
			remoteRef = 7F53578E23FCD60F00634B31 /* PBXContainerItemProxy */;
			sourceTree = BUILT_PRODUCTS_DIR;
		};
		7F53579323FCD60F00634B31 /* PocketSVG.framework */ = {
			isa = PBXReferenceProxy;
			fileType = wrapper.framework;
			path = PocketSVG.framework;
			remoteRef = 7F53579223FCD60F00634B31 /* PBXContainerItemProxy */;
			sourceTree = BUILT_PRODUCTS_DIR;
		};
		7F53579523FCD60F00634B31 /* PocketSVG.framework */ = {
			isa = PBXReferenceProxy;
			fileType = wrapper.framework;
			path = PocketSVG.framework;
			remoteRef = 7F53579423FCD60F00634B31 /* PBXContainerItemProxy */;
			sourceTree = BUILT_PRODUCTS_DIR;
		};
/* End PBXReferenceProxy section */

/* Begin PBXResourcesBuildPhase section */
		00E356EC1AD99517003FC87E /* Resources */ = {
			isa = PBXResourcesBuildPhase;
			buildActionMask = 2147483647;
			files = (
			);
			runOnlyForDeploymentPostprocessing = 0;
		};
		13B07F8E1A680F5B00A75B9A /* Resources */ = {
			isa = PBXResourcesBuildPhase;
			buildActionMask = 2147483647;
			files = (
				13B07FBF1A68108700A75B9A /* Images.xcassets in Resources */,
				7FDD52672400E7A000CC0904 /* art.scnassets in Resources */,
				13B07FBD1A68108700A75B9A /* LaunchScreen.xib in Resources */,
			);
			runOnlyForDeploymentPostprocessing = 0;
		};
		2D02E4791E0B4A5D006451C7 /* Resources */ = {
			isa = PBXResourcesBuildPhase;
			buildActionMask = 2147483647;
			files = (
				2D02E4BD1E0B4A84006451C7 /* Images.xcassets in Resources */,
			);
			runOnlyForDeploymentPostprocessing = 0;
		};
		2D02E48E1E0B4A5D006451C7 /* Resources */ = {
			isa = PBXResourcesBuildPhase;
			buildActionMask = 2147483647;
			files = (
			);
			runOnlyForDeploymentPostprocessing = 0;
		};
/* End PBXResourcesBuildPhase section */

/* Begin PBXShellScriptBuildPhase section */
		00DD1BFF1BD5951E006B06BC /* Bundle React Native code and images */ = {
			isa = PBXShellScriptBuildPhase;
			buildActionMask = 2147483647;
			files = (
			);
			inputPaths = (
			);
			name = "Bundle React Native code and images";
			outputPaths = (
			);
			runOnlyForDeploymentPostprocessing = 0;
			shellPath = /bin/sh;
			shellScript = "export NODE_BINARY=node\n../node_modules/react-native/scripts/react-native-xcode.sh";
		};
		0A0E9AC584BDC3055BA07989 /* [CP] Check Pods Manifest.lock */ = {
			isa = PBXShellScriptBuildPhase;
			buildActionMask = 2147483647;
			files = (
			);
			inputFileListPaths = (
			);
			inputPaths = (
				"${PODS_PODFILE_DIR_PATH}/Podfile.lock",
				"${PODS_ROOT}/Manifest.lock",
			);
			name = "[CP] Check Pods Manifest.lock";
			outputFileListPaths = (
			);
			outputPaths = (
				"$(DERIVED_FILE_DIR)/Pods-RNWebRTCARExample-tvOSTests-checkManifestLockResult.txt",
			);
			runOnlyForDeploymentPostprocessing = 0;
			shellPath = /bin/sh;
			shellScript = "diff \"${PODS_PODFILE_DIR_PATH}/Podfile.lock\" \"${PODS_ROOT}/Manifest.lock\" > /dev/null\nif [ $? != 0 ] ; then\n    # print error to STDERR\n    echo \"error: The sandbox is not in sync with the Podfile.lock. Run 'pod install' or update your CocoaPods installation.\" >&2\n    exit 1\nfi\n# This output is used by Xcode 'outputs' to avoid re-running this script phase.\necho \"SUCCESS\" > \"${SCRIPT_OUTPUT_FILE_0}\"\n";
			showEnvVarsInLog = 0;
		};
		2D02E4CB1E0B4B27006451C7 /* Bundle React Native Code And Images */ = {
			isa = PBXShellScriptBuildPhase;
			buildActionMask = 2147483647;
			files = (
			);
			inputPaths = (
			);
			name = "Bundle React Native Code And Images";
			outputPaths = (
			);
			runOnlyForDeploymentPostprocessing = 0;
			shellPath = /bin/sh;
			shellScript = "export NODE_BINARY=node\n../node_modules/react-native/scripts/react-native-xcode.sh";
		};
		4DF750777A65CB288BAF61DA /* [CP] Check Pods Manifest.lock */ = {
			isa = PBXShellScriptBuildPhase;
			buildActionMask = 2147483647;
			files = (
			);
			inputFileListPaths = (
			);
			inputPaths = (
				"${PODS_PODFILE_DIR_PATH}/Podfile.lock",
				"${PODS_ROOT}/Manifest.lock",
			);
			name = "[CP] Check Pods Manifest.lock";
			outputFileListPaths = (
			);
			outputPaths = (
				"$(DERIVED_FILE_DIR)/Pods-RNWebRTCARExampleTests-checkManifestLockResult.txt",
			);
			runOnlyForDeploymentPostprocessing = 0;
			shellPath = /bin/sh;
			shellScript = "diff \"${PODS_PODFILE_DIR_PATH}/Podfile.lock\" \"${PODS_ROOT}/Manifest.lock\" > /dev/null\nif [ $? != 0 ] ; then\n    # print error to STDERR\n    echo \"error: The sandbox is not in sync with the Podfile.lock. Run 'pod install' or update your CocoaPods installation.\" >&2\n    exit 1\nfi\n# This output is used by Xcode 'outputs' to avoid re-running this script phase.\necho \"SUCCESS\" > \"${SCRIPT_OUTPUT_FILE_0}\"\n";
			showEnvVarsInLog = 0;
		};
		7896705A0C0D828B429E36AE /* [CP] Check Pods Manifest.lock */ = {
			isa = PBXShellScriptBuildPhase;
			buildActionMask = 2147483647;
			files = (
			);
			inputFileListPaths = (
			);
			inputPaths = (
				"${PODS_PODFILE_DIR_PATH}/Podfile.lock",
				"${PODS_ROOT}/Manifest.lock",
			);
			name = "[CP] Check Pods Manifest.lock";
			outputFileListPaths = (
			);
			outputPaths = (
				"$(DERIVED_FILE_DIR)/Pods-RNWebRTCARExample-checkManifestLockResult.txt",
			);
			runOnlyForDeploymentPostprocessing = 0;
			shellPath = /bin/sh;
			shellScript = "diff \"${PODS_PODFILE_DIR_PATH}/Podfile.lock\" \"${PODS_ROOT}/Manifest.lock\" > /dev/null\nif [ $? != 0 ] ; then\n    # print error to STDERR\n    echo \"error: The sandbox is not in sync with the Podfile.lock. Run 'pod install' or update your CocoaPods installation.\" >&2\n    exit 1\nfi\n# This output is used by Xcode 'outputs' to avoid re-running this script phase.\necho \"SUCCESS\" > \"${SCRIPT_OUTPUT_FILE_0}\"\n";
			showEnvVarsInLog = 0;
		};
		A0537F873A07B0EEDFA4A59D /* [CP] Check Pods Manifest.lock */ = {
			isa = PBXShellScriptBuildPhase;
			buildActionMask = 2147483647;
			files = (
			);
			inputFileListPaths = (
			);
			inputPaths = (
				"${PODS_PODFILE_DIR_PATH}/Podfile.lock",
				"${PODS_ROOT}/Manifest.lock",
			);
			name = "[CP] Check Pods Manifest.lock";
			outputFileListPaths = (
			);
			outputPaths = (
				"$(DERIVED_FILE_DIR)/Pods-RNWebRTCARExample-tvOS-checkManifestLockResult.txt",
			);
			runOnlyForDeploymentPostprocessing = 0;
			shellPath = /bin/sh;
			shellScript = "diff \"${PODS_PODFILE_DIR_PATH}/Podfile.lock\" \"${PODS_ROOT}/Manifest.lock\" > /dev/null\nif [ $? != 0 ] ; then\n    # print error to STDERR\n    echo \"error: The sandbox is not in sync with the Podfile.lock. Run 'pod install' or update your CocoaPods installation.\" >&2\n    exit 1\nfi\n# This output is used by Xcode 'outputs' to avoid re-running this script phase.\necho \"SUCCESS\" > \"${SCRIPT_OUTPUT_FILE_0}\"\n";
			showEnvVarsInLog = 0;
		};
		F43E607112181875CC6C250F /* [CP] Embed Pods Frameworks */ = {
			isa = PBXShellScriptBuildPhase;
			buildActionMask = 2147483647;
			files = (
			);
			inputPaths = (
				"${PODS_ROOT}/Target Support Files/Pods-RNWebRTCARExample/Pods-RNWebRTCARExample-frameworks.sh",
				"${PODS_ROOT}/../../../../node_modules/react-native-webrtc/ios/WebRTC.framework",
			);
			name = "[CP] Embed Pods Frameworks";
			outputPaths = (
				"${TARGET_BUILD_DIR}/${FRAMEWORKS_FOLDER_PATH}/WebRTC.framework",
			);
			runOnlyForDeploymentPostprocessing = 0;
			shellPath = /bin/sh;
			shellScript = "\"${PODS_ROOT}/Target Support Files/Pods-RNWebRTCARExample/Pods-RNWebRTCARExample-frameworks.sh\"\n";
			showEnvVarsInLog = 0;
		};
		FD10A7F022414F080027D42C /* Start Packager */ = {
			isa = PBXShellScriptBuildPhase;
			buildActionMask = 2147483647;
			files = (
			);
			inputFileListPaths = (
			);
			inputPaths = (
			);
			name = "Start Packager";
			outputFileListPaths = (
			);
			outputPaths = (
			);
			runOnlyForDeploymentPostprocessing = 0;
			shellPath = /bin/sh;
			shellScript = "export RCT_METRO_PORT=\"${RCT_METRO_PORT:=8081}\"\necho \"export RCT_METRO_PORT=${RCT_METRO_PORT}\" > \"${SRCROOT}/../node_modules/react-native/scripts/.packager.env\"\nif [ -z \"${RCT_NO_LAUNCH_PACKAGER+xxx}\" ] ; then\n  if nc -w 5 -z localhost ${RCT_METRO_PORT} ; then\n    if ! curl -s \"http://localhost:${RCT_METRO_PORT}/status\" | grep -q \"packager-status:running\" ; then\n      echo \"Port ${RCT_METRO_PORT} already in use, packager is either not running or not running correctly\"\n      exit 2\n    fi\n  else\n    open \"$SRCROOT/../node_modules/react-native/scripts/launchPackager.command\" || echo \"Can't start packager automatically\"\n  fi\nfi\n";
			showEnvVarsInLog = 0;
		};
		FD10A7F122414F3F0027D42C /* Start Packager */ = {
			isa = PBXShellScriptBuildPhase;
			buildActionMask = 2147483647;
			files = (
			);
			inputFileListPaths = (
			);
			inputPaths = (
			);
			name = "Start Packager";
			outputFileListPaths = (
			);
			outputPaths = (
			);
			runOnlyForDeploymentPostprocessing = 0;
			shellPath = /bin/sh;
			shellScript = "export RCT_METRO_PORT=\"${RCT_METRO_PORT:=8081}\"\necho \"export RCT_METRO_PORT=${RCT_METRO_PORT}\" > \"${SRCROOT}/../node_modules/react-native/scripts/.packager.env\"\nif [ -z \"${RCT_NO_LAUNCH_PACKAGER+xxx}\" ] ; then\n  if nc -w 5 -z localhost ${RCT_METRO_PORT} ; then\n    if ! curl -s \"http://localhost:${RCT_METRO_PORT}/status\" | grep -q \"packager-status:running\" ; then\n      echo \"Port ${RCT_METRO_PORT} already in use, packager is either not running or not running correctly\"\n      exit 2\n    fi\n  else\n    open \"$SRCROOT/../node_modules/react-native/scripts/launchPackager.command\" || echo \"Can't start packager automatically\"\n  fi\nfi\n";
			showEnvVarsInLog = 0;
		};
/* End PBXShellScriptBuildPhase section */

/* Begin PBXSourcesBuildPhase section */
		00E356EA1AD99517003FC87E /* Sources */ = {
			isa = PBXSourcesBuildPhase;
			buildActionMask = 2147483647;
			files = (
				00E356F31AD99517003FC87E /* RNWebRTCARExampleTests.m in Sources */,
			);
			runOnlyForDeploymentPostprocessing = 0;
		};
		13B07F871A680F5B00A75B9A /* Sources */ = {
			isa = PBXSourcesBuildPhase;
			buildActionMask = 2147483647;
			files = (
				7F6ED7E024074B8E0079A14F /* ExampleARSCNViewManager.m in Sources */,
				13B07FBC1A68108700A75B9A /* AppDelegate.m in Sources */,
				13B07FC11A68108700A75B9A /* main.m in Sources */,
			);
			runOnlyForDeploymentPostprocessing = 0;
		};
		2D02E4771E0B4A5D006451C7 /* Sources */ = {
			isa = PBXSourcesBuildPhase;
			buildActionMask = 2147483647;
			files = (
				2D02E4BF1E0B4AB3006451C7 /* main.m in Sources */,
				2D02E4BC1E0B4A80006451C7 /* AppDelegate.m in Sources */,
			);
			runOnlyForDeploymentPostprocessing = 0;
		};
		2D02E48C1E0B4A5D006451C7 /* Sources */ = {
			isa = PBXSourcesBuildPhase;
			buildActionMask = 2147483647;
			files = (
				2DCD954D1E0B4F2C00145EB5 /* RNWebRTCARExampleTests.m in Sources */,
			);
			runOnlyForDeploymentPostprocessing = 0;
		};
/* End PBXSourcesBuildPhase section */

/* Begin PBXTargetDependency section */
		00E356F51AD99517003FC87E /* PBXTargetDependency */ = {
			isa = PBXTargetDependency;
			target = 13B07F861A680F5B00A75B9A /* RNWebRTCARExample */;
			targetProxy = 00E356F41AD99517003FC87E /* PBXContainerItemProxy */;
		};
		2D02E4921E0B4A5D006451C7 /* PBXTargetDependency */ = {
			isa = PBXTargetDependency;
			target = 2D02E47A1E0B4A5D006451C7 /* RNWebRTCARExample-tvOS */;
			targetProxy = 2D02E4911E0B4A5D006451C7 /* PBXContainerItemProxy */;
		};
/* End PBXTargetDependency section */

/* Begin PBXVariantGroup section */
		13B07FB11A68108700A75B9A /* LaunchScreen.xib */ = {
			isa = PBXVariantGroup;
			children = (
				13B07FB21A68108700A75B9A /* Base */,
			);
			name = LaunchScreen.xib;
			path = RNWebRTCARExample;
			sourceTree = "<group>";
		};
		7F53577723FCD60F00634B31 /* Main.storyboard */ = {
			isa = PBXVariantGroup;
			children = (
				7F53577823FCD60F00634B31 /* Base */,
			);
			name = Main.storyboard;
			sourceTree = "<group>";
		};
		7F53577923FCD60F00634B31 /* Launch Screen.storyboard */ = {
			isa = PBXVariantGroup;
			children = (
				7F53577A23FCD60F00634B31 /* Base */,
			);
			name = "Launch Screen.storyboard";
			sourceTree = "<group>";
		};
		7F53578523FCD60F00634B31 /* Main.storyboard */ = {
			isa = PBXVariantGroup;
			children = (
				7F53578623FCD60F00634B31 /* Base */,
			);
			name = Main.storyboard;
			sourceTree = "<group>";
		};
/* End PBXVariantGroup section */

/* Begin XCBuildConfiguration section */
		00E356F61AD99517003FC87E /* Debug */ = {
			isa = XCBuildConfiguration;
			baseConfigurationReference = 0DB2DCC3EBF3521BDD4BDB82 /* Pods-RNWebRTCARExampleTests.debug.xcconfig */;
			buildSettings = {
				BUNDLE_LOADER = "$(TEST_HOST)";
				DEVELOPMENT_TEAM = C6EUM5DVB3;
				GCC_PREPROCESSOR_DEFINITIONS = (
					"DEBUG=1",
					"$(inherited)",
				);
				INFOPLIST_FILE = RNWebRTCARExampleTests/Info.plist;
				IPHONEOS_DEPLOYMENT_TARGET = 9.0;
				LD_RUNPATH_SEARCH_PATHS = "$(inherited) @executable_path/Frameworks @loader_path/Frameworks";
				OTHER_LDFLAGS = (
					"-ObjC",
					"-lc++",
					"$(inherited)",
				);
				PRODUCT_BUNDLE_IDENTIFIER = "org.reactjs.native.example.$(PRODUCT_NAME:rfc1034identifier)";
				PRODUCT_NAME = "$(TARGET_NAME)";
				TEST_HOST = "$(BUILT_PRODUCTS_DIR)/RNWebRTCARExample.app/RNWebRTCARExample";
			};
			name = Debug;
		};
		00E356F71AD99517003FC87E /* Release */ = {
			isa = XCBuildConfiguration;
			baseConfigurationReference = 234E0A46F764E4F1B9BE187A /* Pods-RNWebRTCARExampleTests.release.xcconfig */;
			buildSettings = {
				BUNDLE_LOADER = "$(TEST_HOST)";
				COPY_PHASE_STRIP = NO;
				DEVELOPMENT_TEAM = C6EUM5DVB3;
				INFOPLIST_FILE = RNWebRTCARExampleTests/Info.plist;
				IPHONEOS_DEPLOYMENT_TARGET = 9.0;
				LD_RUNPATH_SEARCH_PATHS = "$(inherited) @executable_path/Frameworks @loader_path/Frameworks";
				OTHER_LDFLAGS = (
					"-ObjC",
					"-lc++",
					"$(inherited)",
				);
				PRODUCT_BUNDLE_IDENTIFIER = "org.reactjs.native.example.$(PRODUCT_NAME:rfc1034identifier)";
				PRODUCT_NAME = "$(TARGET_NAME)";
				TEST_HOST = "$(BUILT_PRODUCTS_DIR)/RNWebRTCARExample.app/RNWebRTCARExample";
			};
			name = Release;
		};
		13B07F941A680F5B00A75B9A /* Debug */ = {
			isa = XCBuildConfiguration;
			baseConfigurationReference = A9ACBCDE1E25148D207915D7 /* Pods-RNWebRTCARExample.debug.xcconfig */;
			buildSettings = {
				ASSETCATALOG_COMPILER_APPICON_NAME = AppIcon;
				CURRENT_PROJECT_VERSION = 202002270;
				DEAD_CODE_STRIPPING = NO;
				DEVELOPMENT_TEAM = C6EUM5DVB3;
				INFOPLIST_FILE = RNWebRTCARExample/Info.plist;
				LD_RUNPATH_SEARCH_PATHS = "$(inherited) @executable_path/Frameworks";
				OTHER_LDFLAGS = (
					"$(inherited)",
					"-ObjC",
					"-lc++",
				);
				PRODUCT_BUNDLE_IDENTIFIER = com.example.ARKitWebRTC;
				PRODUCT_NAME = RNWebRTCARExample;
				TARGETED_DEVICE_FAMILY = "1,2";
				VERSIONING_SYSTEM = "apple-generic";
			};
			name = Debug;
		};
		13B07F951A680F5B00A75B9A /* Release */ = {
			isa = XCBuildConfiguration;
			baseConfigurationReference = FABC87FB4840F00351C297E8 /* Pods-RNWebRTCARExample.release.xcconfig */;
			buildSettings = {
				ASSETCATALOG_COMPILER_APPICON_NAME = AppIcon;
				CURRENT_PROJECT_VERSION = 202002270;
				DEVELOPMENT_TEAM = C6EUM5DVB3;
				INFOPLIST_FILE = RNWebRTCARExample/Info.plist;
				LD_RUNPATH_SEARCH_PATHS = "$(inherited) @executable_path/Frameworks";
				OTHER_LDFLAGS = (
					"$(inherited)",
					"-ObjC",
					"-lc++",
				);
				PRODUCT_BUNDLE_IDENTIFIER = com.example.ARKitWebRTC;
				PRODUCT_NAME = RNWebRTCARExample;
				TARGETED_DEVICE_FAMILY = "1,2";
				VERSIONING_SYSTEM = "apple-generic";
			};
			name = Release;
		};
		2D02E4971E0B4A5E006451C7 /* Debug */ = {
			isa = XCBuildConfiguration;
			baseConfigurationReference = 3F904BD448919379036D73B2 /* Pods-RNWebRTCARExample-tvOS.debug.xcconfig */;
			buildSettings = {
				ASSETCATALOG_COMPILER_APPICON_NAME = "App Icon & Top Shelf Image";
				ASSETCATALOG_COMPILER_LAUNCHIMAGE_NAME = LaunchImage;
				CLANG_ANALYZER_NONNULL = YES;
				CLANG_WARN_DOCUMENTATION_COMMENTS = YES;
				CLANG_WARN_INFINITE_RECURSION = YES;
				CLANG_WARN_SUSPICIOUS_MOVE = YES;
				DEBUG_INFORMATION_FORMAT = dwarf;
				DEVELOPMENT_TEAM = C6EUM5DVB3;
				ENABLE_TESTABILITY = YES;
				GCC_NO_COMMON_BLOCKS = YES;
				INFOPLIST_FILE = "RNWebRTCARExample-tvOS/Info.plist";
				LD_RUNPATH_SEARCH_PATHS = "$(inherited) @executable_path/Frameworks";
				OTHER_LDFLAGS = (
					"$(inherited)",
					"-ObjC",
					"-lc++",
				);
				PRODUCT_BUNDLE_IDENTIFIER = com.example.ARKitWebRTC;
				PRODUCT_NAME = "$(TARGET_NAME)";
				SDKROOT = appletvos;
				TARGETED_DEVICE_FAMILY = 3;
				TVOS_DEPLOYMENT_TARGET = 9.2;
			};
			name = Debug;
		};
		2D02E4981E0B4A5E006451C7 /* Release */ = {
			isa = XCBuildConfiguration;
			baseConfigurationReference = D4924D71DCDD958C08AF9A7C /* Pods-RNWebRTCARExample-tvOS.release.xcconfig */;
			buildSettings = {
				ASSETCATALOG_COMPILER_APPICON_NAME = "App Icon & Top Shelf Image";
				ASSETCATALOG_COMPILER_LAUNCHIMAGE_NAME = LaunchImage;
				CLANG_ANALYZER_NONNULL = YES;
				CLANG_WARN_DOCUMENTATION_COMMENTS = YES;
				CLANG_WARN_INFINITE_RECURSION = YES;
				CLANG_WARN_SUSPICIOUS_MOVE = YES;
				COPY_PHASE_STRIP = NO;
				DEBUG_INFORMATION_FORMAT = "dwarf-with-dsym";
				DEVELOPMENT_TEAM = C6EUM5DVB3;
				GCC_NO_COMMON_BLOCKS = YES;
				INFOPLIST_FILE = "RNWebRTCARExample-tvOS/Info.plist";
				LD_RUNPATH_SEARCH_PATHS = "$(inherited) @executable_path/Frameworks";
				OTHER_LDFLAGS = (
					"$(inherited)",
					"-ObjC",
					"-lc++",
				);
				PRODUCT_BUNDLE_IDENTIFIER = com.example.ARKitWebRTC;
				PRODUCT_NAME = "$(TARGET_NAME)";
				SDKROOT = appletvos;
				TARGETED_DEVICE_FAMILY = 3;
				TVOS_DEPLOYMENT_TARGET = 9.2;
			};
			name = Release;
		};
		2D02E4991E0B4A5E006451C7 /* Debug */ = {
			isa = XCBuildConfiguration;
			baseConfigurationReference = 3A84DD9E9374A9DBF5DBB444 /* Pods-RNWebRTCARExample-tvOSTests.debug.xcconfig */;
			buildSettings = {
				BUNDLE_LOADER = "$(TEST_HOST)";
				CLANG_ANALYZER_NONNULL = YES;
				CLANG_WARN_DOCUMENTATION_COMMENTS = YES;
				CLANG_WARN_INFINITE_RECURSION = YES;
				CLANG_WARN_SUSPICIOUS_MOVE = YES;
				DEBUG_INFORMATION_FORMAT = dwarf;
				DEVELOPMENT_TEAM = C6EUM5DVB3;
				ENABLE_TESTABILITY = YES;
				GCC_NO_COMMON_BLOCKS = YES;
				INFOPLIST_FILE = "RNWebRTCARExample-tvOSTests/Info.plist";
				LD_RUNPATH_SEARCH_PATHS = "$(inherited) @executable_path/Frameworks @loader_path/Frameworks";
				OTHER_LDFLAGS = (
					"$(inherited)",
					"-ObjC",
					"-lc++",
				);
				PRODUCT_BUNDLE_IDENTIFIER = "com.facebook.REACT.RNWebRTCARExample-tvOSTests";
				PRODUCT_NAME = "$(TARGET_NAME)";
				SDKROOT = appletvos;
				TEST_HOST = "$(BUILT_PRODUCTS_DIR)/RNWebRTCARExample-tvOS.app/RNWebRTCARExample-tvOS";
				TVOS_DEPLOYMENT_TARGET = 10.1;
			};
			name = Debug;
		};
		2D02E49A1E0B4A5E006451C7 /* Release */ = {
			isa = XCBuildConfiguration;
			baseConfigurationReference = EC2256051ECC30CFCE078B8E /* Pods-RNWebRTCARExample-tvOSTests.release.xcconfig */;
			buildSettings = {
				BUNDLE_LOADER = "$(TEST_HOST)";
				CLANG_ANALYZER_NONNULL = YES;
				CLANG_WARN_DOCUMENTATION_COMMENTS = YES;
				CLANG_WARN_INFINITE_RECURSION = YES;
				CLANG_WARN_SUSPICIOUS_MOVE = YES;
				COPY_PHASE_STRIP = NO;
				DEBUG_INFORMATION_FORMAT = "dwarf-with-dsym";
				DEVELOPMENT_TEAM = C6EUM5DVB3;
				GCC_NO_COMMON_BLOCKS = YES;
				INFOPLIST_FILE = "RNWebRTCARExample-tvOSTests/Info.plist";
				LD_RUNPATH_SEARCH_PATHS = "$(inherited) @executable_path/Frameworks @loader_path/Frameworks";
				OTHER_LDFLAGS = (
					"$(inherited)",
					"-ObjC",
					"-lc++",
				);
				PRODUCT_BUNDLE_IDENTIFIER = "com.facebook.REACT.RNWebRTCARExample-tvOSTests";
				PRODUCT_NAME = "$(TARGET_NAME)";
				SDKROOT = appletvos;
				TEST_HOST = "$(BUILT_PRODUCTS_DIR)/RNWebRTCARExample-tvOS.app/RNWebRTCARExample-tvOS";
				TVOS_DEPLOYMENT_TARGET = 10.1;
			};
			name = Release;
		};
		83CBBA201A601CBA00E9B192 /* Debug */ = {
			isa = XCBuildConfiguration;
			buildSettings = {
				ALWAYS_SEARCH_USER_PATHS = NO;
				CLANG_CXX_LANGUAGE_STANDARD = "gnu++0x";
				CLANG_CXX_LIBRARY = "libc++";
				CLANG_ENABLE_MODULES = YES;
				CLANG_ENABLE_OBJC_ARC = YES;
				CLANG_WARN_BLOCK_CAPTURE_AUTORELEASING = YES;
				CLANG_WARN_BOOL_CONVERSION = YES;
				CLANG_WARN_COMMA = YES;
				CLANG_WARN_CONSTANT_CONVERSION = YES;
				CLANG_WARN_DEPRECATED_OBJC_IMPLEMENTATIONS = YES;
				CLANG_WARN_DIRECT_OBJC_ISA_USAGE = YES_ERROR;
				CLANG_WARN_EMPTY_BODY = YES;
				CLANG_WARN_ENUM_CONVERSION = YES;
				CLANG_WARN_INFINITE_RECURSION = YES;
				CLANG_WARN_INT_CONVERSION = YES;
				CLANG_WARN_NON_LITERAL_NULL_CONVERSION = YES;
				CLANG_WARN_OBJC_IMPLICIT_RETAIN_SELF = YES;
				CLANG_WARN_OBJC_LITERAL_CONVERSION = YES;
				CLANG_WARN_OBJC_ROOT_CLASS = YES_ERROR;
				CLANG_WARN_RANGE_LOOP_ANALYSIS = YES;
				CLANG_WARN_STRICT_PROTOTYPES = YES;
				CLANG_WARN_SUSPICIOUS_MOVE = YES;
				CLANG_WARN_UNREACHABLE_CODE = YES;
				CLANG_WARN__DUPLICATE_METHOD_MATCH = YES;
				"CODE_SIGN_IDENTITY[sdk=iphoneos*]" = "iPhone Developer";
				COPY_PHASE_STRIP = NO;
				ENABLE_STRICT_OBJC_MSGSEND = YES;
				ENABLE_TESTABILITY = YES;
				GCC_C_LANGUAGE_STANDARD = gnu99;
				GCC_DYNAMIC_NO_PIC = NO;
				GCC_NO_COMMON_BLOCKS = YES;
				GCC_OPTIMIZATION_LEVEL = 0;
				GCC_PREPROCESSOR_DEFINITIONS = (
					"DEBUG=1",
					"$(inherited)",
				);
				GCC_SYMBOLS_PRIVATE_EXTERN = NO;
				GCC_WARN_64_TO_32_BIT_CONVERSION = YES;
				GCC_WARN_ABOUT_RETURN_TYPE = YES_ERROR;
				GCC_WARN_UNDECLARED_SELECTOR = YES;
				GCC_WARN_UNINITIALIZED_AUTOS = YES_AGGRESSIVE;
				GCC_WARN_UNUSED_FUNCTION = YES;
				GCC_WARN_UNUSED_VARIABLE = YES;
				IPHONEOS_DEPLOYMENT_TARGET = 9.0;
				MTL_ENABLE_DEBUG_INFO = YES;
				ONLY_ACTIVE_ARCH = YES;
				SDKROOT = iphoneos;
			};
			name = Debug;
		};
		83CBBA211A601CBA00E9B192 /* Release */ = {
			isa = XCBuildConfiguration;
			buildSettings = {
				ALWAYS_SEARCH_USER_PATHS = NO;
				CLANG_CXX_LANGUAGE_STANDARD = "gnu++0x";
				CLANG_CXX_LIBRARY = "libc++";
				CLANG_ENABLE_MODULES = YES;
				CLANG_ENABLE_OBJC_ARC = YES;
				CLANG_WARN_BLOCK_CAPTURE_AUTORELEASING = YES;
				CLANG_WARN_BOOL_CONVERSION = YES;
				CLANG_WARN_COMMA = YES;
				CLANG_WARN_CONSTANT_CONVERSION = YES;
				CLANG_WARN_DEPRECATED_OBJC_IMPLEMENTATIONS = YES;
				CLANG_WARN_DIRECT_OBJC_ISA_USAGE = YES_ERROR;
				CLANG_WARN_EMPTY_BODY = YES;
				CLANG_WARN_ENUM_CONVERSION = YES;
				CLANG_WARN_INFINITE_RECURSION = YES;
				CLANG_WARN_INT_CONVERSION = YES;
				CLANG_WARN_NON_LITERAL_NULL_CONVERSION = YES;
				CLANG_WARN_OBJC_IMPLICIT_RETAIN_SELF = YES;
				CLANG_WARN_OBJC_LITERAL_CONVERSION = YES;
				CLANG_WARN_OBJC_ROOT_CLASS = YES_ERROR;
				CLANG_WARN_RANGE_LOOP_ANALYSIS = YES;
				CLANG_WARN_STRICT_PROTOTYPES = YES;
				CLANG_WARN_SUSPICIOUS_MOVE = YES;
				CLANG_WARN_UNREACHABLE_CODE = YES;
				CLANG_WARN__DUPLICATE_METHOD_MATCH = YES;
				"CODE_SIGN_IDENTITY[sdk=iphoneos*]" = "iPhone Developer";
				COPY_PHASE_STRIP = YES;
				ENABLE_NS_ASSERTIONS = NO;
				ENABLE_STRICT_OBJC_MSGSEND = YES;
				GCC_C_LANGUAGE_STANDARD = gnu99;
				GCC_NO_COMMON_BLOCKS = YES;
				GCC_WARN_64_TO_32_BIT_CONVERSION = YES;
				GCC_WARN_ABOUT_RETURN_TYPE = YES_ERROR;
				GCC_WARN_UNDECLARED_SELECTOR = YES;
				GCC_WARN_UNINITIALIZED_AUTOS = YES_AGGRESSIVE;
				GCC_WARN_UNUSED_FUNCTION = YES;
				GCC_WARN_UNUSED_VARIABLE = YES;
				IPHONEOS_DEPLOYMENT_TARGET = 9.0;
				MTL_ENABLE_DEBUG_INFO = NO;
				SDKROOT = iphoneos;
				VALIDATE_PRODUCT = YES;
			};
			name = Release;
		};
/* End XCBuildConfiguration section */

/* Begin XCConfigurationList section */
		00E357021AD99517003FC87E /* Build configuration list for PBXNativeTarget "RNWebRTCARExampleTests" */ = {
			isa = XCConfigurationList;
			buildConfigurations = (
				00E356F61AD99517003FC87E /* Debug */,
				00E356F71AD99517003FC87E /* Release */,
			);
			defaultConfigurationIsVisible = 0;
			defaultConfigurationName = Release;
		};
		13B07F931A680F5B00A75B9A /* Build configuration list for PBXNativeTarget "RNWebRTCARExample" */ = {
			isa = XCConfigurationList;
			buildConfigurations = (
				13B07F941A680F5B00A75B9A /* Debug */,
				13B07F951A680F5B00A75B9A /* Release */,
			);
			defaultConfigurationIsVisible = 0;
			defaultConfigurationName = Release;
		};
		2D02E4BA1E0B4A5E006451C7 /* Build configuration list for PBXNativeTarget "RNWebRTCARExample-tvOS" */ = {
			isa = XCConfigurationList;
			buildConfigurations = (
				2D02E4971E0B4A5E006451C7 /* Debug */,
				2D02E4981E0B4A5E006451C7 /* Release */,
			);
			defaultConfigurationIsVisible = 0;
			defaultConfigurationName = Release;
		};
		2D02E4BB1E0B4A5E006451C7 /* Build configuration list for PBXNativeTarget "RNWebRTCARExample-tvOSTests" */ = {
			isa = XCConfigurationList;
			buildConfigurations = (
				2D02E4991E0B4A5E006451C7 /* Debug */,
				2D02E49A1E0B4A5E006451C7 /* Release */,
			);
			defaultConfigurationIsVisible = 0;
			defaultConfigurationName = Release;
		};
		83CBB9FA1A601CBA00E9B192 /* Build configuration list for PBXProject "RNWebRTCARExample" */ = {
			isa = XCConfigurationList;
			buildConfigurations = (
				83CBBA201A601CBA00E9B192 /* Debug */,
				83CBBA211A601CBA00E9B192 /* Release */,
			);
			defaultConfigurationIsVisible = 0;
			defaultConfigurationName = Release;
		};
/* End XCConfigurationList section */
	};
	rootObject = 83CBB9F71A601CBA00E9B192 /* Project object */;
}
